// !$*UTF8*$!
{
	archiveVersion = 1;
	classes = {
	};
	objectVersion = 48;
	objects = {

/* Begin PBXBuildFile section */
		21A31FB01F74B51000312CA8 /* AppDelegate.swift in Sources */ = {isa = PBXBuildFile; fileRef = 21A31FAF1F74B51000312CA8 /* AppDelegate.swift */; };
		21A31FB21F74B51000312CA8 /* ViewController.swift in Sources */ = {isa = PBXBuildFile; fileRef = 21A31FB11F74B51000312CA8 /* ViewController.swift */; };
		21A31FB51F74B51000312CA8 /* Main.storyboard in Resources */ = {isa = PBXBuildFile; fileRef = 21A31FB31F74B51000312CA8 /* Main.storyboard */; };
		21A31FB71F74B51000312CA8 /* Assets.xcassets in Resources */ = {isa = PBXBuildFile; fileRef = 21A31FB61F74B51000312CA8 /* Assets.xcassets */; };
		21A31FBA1F74B51000312CA8 /* LaunchScreen.storyboard in Resources */ = {isa = PBXBuildFile; fileRef = 21A31FB81F74B51000312CA8 /* LaunchScreen.storyboard */; };
		21A31FC51F74B51000312CA8 /* PageTheScrollTests.swift in Sources */ = {isa = PBXBuildFile; fileRef = 21A31FC41F74B51000312CA8 /* PageTheScrollTests.swift */; };
		21A31FD01F74B51000312CA8 /* PageTheScrollUITests.swift in Sources */ = {isa = PBXBuildFile; fileRef = 21A31FCF1F74B51000312CA8 /* PageTheScrollUITests.swift */; };
/* End PBXBuildFile section */

/* Begin PBXContainerItemProxy section */
		21A31FC11F74B51000312CA8 /* PBXContainerItemProxy */ = {
			isa = PBXContainerItemProxy;
			containerPortal = 21A31FA41F74B51000312CA8 /* Project object */;
			proxyType = 1;
			remoteGlobalIDString = 21A31FAB1F74B51000312CA8;
			remoteInfo = PageTheScroll;
		};
		21A31FCC1F74B51000312CA8 /* PBXContainerItemProxy */ = {
			isa = PBXContainerItemProxy;
			containerPortal = 21A31FA41F74B51000312CA8 /* Project object */;
			proxyType = 1;
			remoteGlobalIDString = 21A31FAB1F74B51000312CA8;
			remoteInfo = PageTheScroll;
		};
/* End PBXContainerItemProxy section */

/* Begin PBXFileReference section */
		21A31FAC1F74B51000312CA8 /* PageTheScroll.app */ = {isa = PBXFileReference; explicitFileType = wrapper.application; includeInIndex = 0; path = PageTheScroll.app; sourceTree = BUILT_PRODUCTS_DIR; };
		21A31FAF1F74B51000312CA8 /* AppDelegate.swift */ = {isa = PBXFileReference; lastKnownFileType = sourcecode.swift; path = AppDelegate.swift; sourceTree = "<group>"; };
		21A31FB11F74B51000312CA8 /* ViewController.swift */ = {isa = PBXFileReference; lastKnownFileType = sourcecode.swift; path = ViewController.swift; sourceTree = "<group>"; };
		21A31FB41F74B51000312CA8 /* Base */ = {isa = PBXFileReference; lastKnownFileType = file.storyboard; name = Base; path = Base.lproj/Main.storyboard; sourceTree = "<group>"; };
		21A31FB61F74B51000312CA8 /* Assets.xcassets */ = {isa = PBXFileReference; lastKnownFileType = folder.assetcatalog; path = Assets.xcassets; sourceTree = "<group>"; };
		21A31FB91F74B51000312CA8 /* Base */ = {isa = PBXFileReference; lastKnownFileType = file.storyboard; name = Base; path = Base.lproj/LaunchScreen.storyboard; sourceTree = "<group>"; };
		21A31FBB1F74B51000312CA8 /* Info.plist */ = {isa = PBXFileReference; lastKnownFileType = text.plist.xml; path = Info.plist; sourceTree = "<group>"; };
		21A31FC01F74B51000312CA8 /* PageTheScrollTests.xctest */ = {isa = PBXFileReference; explicitFileType = wrapper.cfbundle; includeInIndex = 0; path = PageTheScrollTests.xctest; sourceTree = BUILT_PRODUCTS_DIR; };
		21A31FC41F74B51000312CA8 /* PageTheScrollTests.swift */ = {isa = PBXFileReference; lastKnownFileType = sourcecode.swift; path = PageTheScrollTests.swift; sourceTree = "<group>"; };
		21A31FC61F74B51000312CA8 /* Info.plist */ = {isa = PBXFileReference; lastKnownFileType = text.plist.xml; path = Info.plist; sourceTree = "<group>"; };
		21A31FCB1F74B51000312CA8 /* PageTheScrollUITests.xctest */ = {isa = PBXFileReference; explicitFileType = wrapper.cfbundle; includeInIndex = 0; path = PageTheScrollUITests.xctest; sourceTree = BUILT_PRODUCTS_DIR; };
		21A31FCF1F74B51000312CA8 /* PageTheScrollUITests.swift */ = {isa = PBXFileReference; lastKnownFileType = sourcecode.swift; path = PageTheScrollUITests.swift; sourceTree = "<group>"; };
		21A31FD11F74B51000312CA8 /* Info.plist */ = {isa = PBXFileReference; lastKnownFileType = text.plist.xml; path = Info.plist; sourceTree = "<group>"; };
/* End PBXFileReference section */

/* Begin PBXFrameworksBuildPhase section */
		21A31FA91F74B51000312CA8 /* Frameworks */ = {
			isa = PBXFrameworksBuildPhase;
			buildActionMask = 2147483647;
			files = (
			);
			runOnlyForDeploymentPostprocessing = 0;
		};
		21A31FBD1F74B51000312CA8 /* Frameworks */ = {
			isa = PBXFrameworksBuildPhase;
			buildActionMask = 2147483647;
			files = (
			);
			runOnlyForDeploymentPostprocessing = 0;
		};
		21A31FC81F74B51000312CA8 /* Frameworks */ = {
			isa = PBXFrameworksBuildPhase;
			buildActionMask = 2147483647;
			files = (
			);
			runOnlyForDeploymentPostprocessing = 0;
		};
/* End PBXFrameworksBuildPhase section */

/* Begin PBXGroup section */
		21A31FA31F74B51000312CA8 = {
			isa = PBXGroup;
			children = (
				21A31FAE1F74B51000312CA8 /* PageTheScroll */,
				21A31FC31F74B51000312CA8 /* PageTheScrollTests */,
				21A31FCE1F74B51000312CA8 /* PageTheScrollUITests */,
				21A31FAD1F74B51000312CA8 /* Products */,
			);
			sourceTree = "<group>";
		};
		21A31FAD1F74B51000312CA8 /* Products */ = {
			isa = PBXGroup;
			children = (
				21A31FAC1F74B51000312CA8 /* PageTheScroll.app */,
				21A31FC01F74B51000312CA8 /* PageTheScrollTests.xctest */,
				21A31FCB1F74B51000312CA8 /* PageTheScrollUITests.xctest */,
			);
			name = Products;
			sourceTree = "<group>";
		};
		21A31FAE1F74B51000312CA8 /* PageTheScroll */ = {
			isa = PBXGroup;
			children = (
				21A31FAF1F74B51000312CA8 /* AppDelegate.swift */,
				21A31FB11F74B51000312CA8 /* ViewController.swift */,
				21A31FB31F74B51000312CA8 /* Main.storyboard */,
				21A31FB61F74B51000312CA8 /* Assets.xcassets */,
				21A31FB81F74B51000312CA8 /* LaunchScreen.storyboard */,
				21A31FBB1F74B51000312CA8 /* Info.plist */,
			);
			path = PageTheScroll;
			sourceTree = "<group>";
		};
		21A31FC31F74B51000312CA8 /* PageTheScrollTests */ = {
			isa = PBXGroup;
			children = (
				21A31FC41F74B51000312CA8 /* PageTheScrollTests.swift */,
				21A31FC61F74B51000312CA8 /* Info.plist */,
			);
			path = PageTheScrollTests;
			sourceTree = "<group>";
		};
		21A31FCE1F74B51000312CA8 /* PageTheScrollUITests */ = {
			isa = PBXGroup;
			children = (
				21A31FCF1F74B51000312CA8 /* PageTheScrollUITests.swift */,
				21A31FD11F74B51000312CA8 /* Info.plist */,
			);
			path = PageTheScrollUITests;
			sourceTree = "<group>";
		};
/* End PBXGroup section */

/* Begin PBXNativeTarget section */
		21A31FAB1F74B51000312CA8 /* PageTheScroll */ = {
			isa = PBXNativeTarget;
			buildConfigurationList = 21A31FD41F74B51000312CA8 /* Build configuration list for PBXNativeTarget "PageTheScroll" */;
			buildPhases = (
				21A31FA81F74B51000312CA8 /* Sources */,
				21A31FA91F74B51000312CA8 /* Frameworks */,
				21A31FAA1F74B51000312CA8 /* Resources */,
			);
			buildRules = (
			);
			dependencies = (
			);
			name = PageTheScroll;
			productName = PageTheScroll;
			productReference = 21A31FAC1F74B51000312CA8 /* PageTheScroll.app */;
			productType = "com.apple.product-type.application";
		};
		21A31FBF1F74B51000312CA8 /* PageTheScrollTests */ = {
			isa = PBXNativeTarget;
			buildConfigurationList = 21A31FD71F74B51000312CA8 /* Build configuration list for PBXNativeTarget "PageTheScrollTests" */;
			buildPhases = (
				21A31FBC1F74B51000312CA8 /* Sources */,
				21A31FBD1F74B51000312CA8 /* Frameworks */,
				21A31FBE1F74B51000312CA8 /* Resources */,
			);
			buildRules = (
			);
			dependencies = (
				21A31FC21F74B51000312CA8 /* PBXTargetDependency */,
			);
			name = PageTheScrollTests;
			productName = PageTheScrollTests;
			productReference = 21A31FC01F74B51000312CA8 /* PageTheScrollTests.xctest */;
			productType = "com.apple.product-type.bundle.unit-test";
		};
		21A31FCA1F74B51000312CA8 /* PageTheScrollUITests */ = {
			isa = PBXNativeTarget;
			buildConfigurationList = 21A31FDA1F74B51000312CA8 /* Build configuration list for PBXNativeTarget "PageTheScrollUITests" */;
			buildPhases = (
				21A31FC71F74B51000312CA8 /* Sources */,
				21A31FC81F74B51000312CA8 /* Frameworks */,
				21A31FC91F74B51000312CA8 /* Resources */,
			);
			buildRules = (
			);
			dependencies = (
				21A31FCD1F74B51000312CA8 /* PBXTargetDependency */,
			);
			name = PageTheScrollUITests;
			productName = PageTheScrollUITests;
			productReference = 21A31FCB1F74B51000312CA8 /* PageTheScrollUITests.xctest */;
			productType = "com.apple.product-type.bundle.ui-testing";
		};
/* End PBXNativeTarget section */

/* Begin PBXProject section */
		21A31FA41F74B51000312CA8 /* Project object */ = {
			isa = PBXProject;
			attributes = {
				LastSwiftUpdateCheck = 0900;
				LastUpgradeCheck = 0900;
				ORGANIZATIONNAME = com.mobile.development;
				TargetAttributes = {
					21A31FAB1F74B51000312CA8 = {
						CreatedOnToolsVersion = 9.0;
						ProvisioningStyle = Automatic;
					};
					21A31FBF1F74B51000312CA8 = {
						CreatedOnToolsVersion = 9.0;
						ProvisioningStyle = Automatic;
						TestTargetID = 21A31FAB1F74B51000312CA8;
					};
					21A31FCA1F74B51000312CA8 = {
						CreatedOnToolsVersion = 9.0;
						ProvisioningStyle = Automatic;
						TestTargetID = 21A31FAB1F74B51000312CA8;
					};
				};
			};
			buildConfigurationList = 21A31FA71F74B51000312CA8 /* Build configuration list for PBXProject "PageTheScroll" */;
			compatibilityVersion = "Xcode 8.0";
			developmentRegion = en;
			hasScannedForEncodings = 0;
			knownRegions = (
				en,
				Base,
			);
			mainGroup = 21A31FA31F74B51000312CA8;
			productRefGroup = 21A31FAD1F74B51000312CA8 /* Products */;
			projectDirPath = "";
			projectRoot = "";
			targets = (
				21A31FAB1F74B51000312CA8 /* PageTheScroll */,
				21A31FBF1F74B51000312CA8 /* PageTheScrollTests */,
				21A31FCA1F74B51000312CA8 /* PageTheScrollUITests */,
			);
		};
/* End PBXProject section */

/* Begin PBXResourcesBuildPhase section */
		21A31FAA1F74B51000312CA8 /* Resources */ = {
			isa = PBXResourcesBuildPhase;
			buildActionMask = 2147483647;
			files = (
				21A31FBA1F74B51000312CA8 /* LaunchScreen.storyboard in Resources */,
				21A31FB71F74B51000312CA8 /* Assets.xcassets in Resources */,
				21A31FB51F74B51000312CA8 /* Main.storyboard in Resources */,
			);
			runOnlyForDeploymentPostprocessing = 0;
		};
		21A31FBE1F74B51000312CA8 /* Resources */ = {
			isa = PBXResourcesBuildPhase;
			buildActionMask = 2147483647;
			files = (
			);
			runOnlyForDeploymentPostprocessing = 0;
		};
		21A31FC91F74B51000312CA8 /* Resources */ = {
			isa = PBXResourcesBuildPhase;
			buildActionMask = 2147483647;
			files = (
			);
			runOnlyForDeploymentPostprocessing = 0;
		};
/* End PBXResourcesBuildPhase section */

/* Begin PBXSourcesBuildPhase section */
		21A31FA81F74B51000312CA8 /* Sources */ = {
			isa = PBXSourcesBuildPhase;
			buildActionMask = 2147483647;
			files = (
				21A31FB21F74B51000312CA8 /* ViewController.swift in Sources */,
				21A31FB01F74B51000312CA8 /* AppDelegate.swift in Sources */,
			);
			runOnlyForDeploymentPostprocessing = 0;
		};
		21A31FBC1F74B51000312CA8 /* Sources */ = {
			isa = PBXSourcesBuildPhase;
			buildActionMask = 2147483647;
			files = (
				21A31FC51F74B51000312CA8 /* PageTheScrollTests.swift in Sources */,
			);
			runOnlyForDeploymentPostprocessing = 0;
		};
		21A31FC71F74B51000312CA8 /* Sources */ = {
			isa = PBXSourcesBuildPhase;
			buildActionMask = 2147483647;
			files = (
				21A31FD01F74B51000312CA8 /* PageTheScrollUITests.swift in Sources */,
			);
			runOnlyForDeploymentPostprocessing = 0;
		};
/* End PBXSourcesBuildPhase section */

/* Begin PBXTargetDependency section */
		21A31FC21F74B51000312CA8 /* PBXTargetDependency */ = {
			isa = PBXTargetDependency;
			target = 21A31FAB1F74B51000312CA8 /* PageTheScroll */;
			targetProxy = 21A31FC11F74B51000312CA8 /* PBXContainerItemProxy */;
		};
		21A31FCD1F74B51000312CA8 /* PBXTargetDependency */ = {
			isa = PBXTargetDependency;
			target = 21A31FAB1F74B51000312CA8 /* PageTheScroll */;
			targetProxy = 21A31FCC1F74B51000312CA8 /* PBXContainerItemProxy */;
		};
/* End PBXTargetDependency section */

/* Begin PBXVariantGroup section */
		21A31FB31F74B51000312CA8 /* Main.storyboard */ = {
			isa = PBXVariantGroup;
			children = (
				21A31FB41F74B51000312CA8 /* Base */,
			);
			name = Main.storyboard;
			sourceTree = "<group>";
		};
		21A31FB81F74B51000312CA8 /* LaunchScreen.storyboard */ = {
			isa = PBXVariantGroup;
			children = (
				21A31FB91F74B51000312CA8 /* Base */,
			);
			name = LaunchScreen.storyboard;
			sourceTree = "<group>";
		};
/* End PBXVariantGroup section */

/* Begin XCBuildConfiguration section */
		21A31FD21F74B51000312CA8 /* Debug */ = {
			isa = XCBuildConfiguration;
			buildSettings = {
				ALWAYS_SEARCH_USER_PATHS = NO;
				CLANG_ANALYZER_NONNULL = YES;
				CLANG_ANALYZER_NUMBER_OBJECT_CONVERSION = YES_AGGRESSIVE;
				CLANG_CXX_LANGUAGE_STANDARD = "gnu++14";
				CLANG_CXX_LIBRARY = "libc++";
				CLANG_ENABLE_MODULES = YES;
				CLANG_ENABLE_OBJC_ARC = YES;
				CLANG_WARN_BLOCK_CAPTURE_AUTORELEASING = YES;
				CLANG_WARN_BOOL_CONVERSION = YES;
				CLANG_WARN_COMMA = YES;
				CLANG_WARN_CONSTANT_CONVERSION = YES;
				CLANG_WARN_DIRECT_OBJC_ISA_USAGE = YES_ERROR;
				CLANG_WARN_DOCUMENTATION_COMMENTS = YES;
				CLANG_WARN_EMPTY_BODY = YES;
				CLANG_WARN_ENUM_CONVERSION = YES;
				CLANG_WARN_INFINITE_RECURSION = YES;
				CLANG_WARN_INT_CONVERSION = YES;
				CLANG_WARN_NON_LITERAL_NULL_CONVERSION = YES;
				CLANG_WARN_OBJC_LITERAL_CONVERSION = YES;
				CLANG_WARN_OBJC_ROOT_CLASS = YES_ERROR;
				CLANG_WARN_RANGE_LOOP_ANALYSIS = YES;
				CLANG_WARN_STRICT_PROTOTYPES = YES;
				CLANG_WARN_SUSPICIOUS_MOVE = YES;
				CLANG_WARN_UNGUARDED_AVAILABILITY = YES_AGGRESSIVE;
				CLANG_WARN_UNREACHABLE_CODE = YES;
				CLANG_WARN__DUPLICATE_METHOD_MATCH = YES;
				CODE_SIGN_IDENTITY = "iPhone Developer";
				COPY_PHASE_STRIP = NO;
				DEBUG_INFORMATION_FORMAT = dwarf;
				ENABLE_STRICT_OBJC_MSGSEND = YES;
				ENABLE_TESTABILITY = YES;
				GCC_C_LANGUAGE_STANDARD = gnu11;
				GCC_DYNAMIC_NO_PIC = NO;
				GCC_NO_COMMON_BLOCKS = YES;
				GCC_OPTIMIZATION_LEVEL = 0;
				GCC_PREPROCESSOR_DEFINITIONS = (
					"DEBUG=1",
					"$(inherited)",
				);
				GCC_WARN_64_TO_32_BIT_CONVERSION = YES;
				GCC_WARN_ABOUT_RETURN_TYPE = YES_ERROR;
				GCC_WARN_UNDECLARED_SELECTOR = YES;
				GCC_WARN_UNINITIALIZED_AUTOS = YES_AGGRESSIVE;
				GCC_WARN_UNUSED_FUNCTION = YES;
				GCC_WARN_UNUSED_VARIABLE = YES;
				IPHONEOS_DEPLOYMENT_TARGET = 11.0;
				MTL_ENABLE_DEBUG_INFO = YES;
				ONLY_ACTIVE_ARCH = YES;
				SDKROOT = iphoneos;
				SWIFT_ACTIVE_COMPILATION_CONDITIONS = DEBUG;
				SWIFT_OPTIMIZATION_LEVEL = "-Onone";
			};
			name = Debug;
		};
		21A31FD31F74B51000312CA8 /* Release */ = {
			isa = XCBuildConfiguration;
			buildSettings = {
				ALWAYS_SEARCH_USER_PATHS = NO;
				CLANG_ANALYZER_NONNULL = YES;
				CLANG_ANALYZER_NUMBER_OBJECT_CONVERSION = YES_AGGRESSIVE;
				CLANG_CXX_LANGUAGE_STANDARD = "gnu++14";
				CLANG_CXX_LIBRARY = "libc++";
				CLANG_ENABLE_MODULES = YES;
				CLANG_ENABLE_OBJC_ARC = YES;
				CLANG_WARN_BLOCK_CAPTURE_AUTORELEASING = YES;
				CLANG_WARN_BOOL_CONVERSION = YES;
				CLANG_WARN_COMMA = YES;
				CLANG_WARN_CONSTANT_CONVERSION = YES;
				CLANG_WARN_DIRECT_OBJC_ISA_USAGE = YES_ERROR;
				CLANG_WARN_DOCUMENTATION_COMMENTS = YES;
				CLANG_WARN_EMPTY_BODY = YES;
				CLANG_WARN_ENUM_CONVERSION = YES;
				CLANG_WARN_INFINITE_RECURSION = YES;
				CLANG_WARN_INT_CONVERSION = YES;
				CLANG_WARN_NON_LITERAL_NULL_CONVERSION = YES;
				CLANG_WARN_OBJC_LITERAL_CONVERSION = YES;
				CLANG_WARN_OBJC_ROOT_CLASS = YES_ERROR;
				CLANG_WARN_RANGE_LOOP_ANALYSIS = YES;
				CLANG_WARN_STRICT_PROTOTYPES = YES;
				CLANG_WARN_SUSPICIOUS_MOVE = YES;
				CLANG_WARN_UNGUARDED_AVAILABILITY = YES_AGGRESSIVE;
				CLANG_WARN_UNREACHABLE_CODE = YES;
				CLANG_WARN__DUPLICATE_METHOD_MATCH = YES;
				CODE_SIGN_IDENTITY = "iPhone Developer";
				COPY_PHASE_STRIP = NO;
				DEBUG_INFORMATION_FORMAT = "dwarf-with-dsym";
				ENABLE_NS_ASSERTIONS = NO;
				ENABLE_STRICT_OBJC_MSGSEND = YES;
				GCC_C_LANGUAGE_STANDARD = gnu11;
				GCC_NO_COMMON_BLOCKS = YES;
				GCC_WARN_64_TO_32_BIT_CONVERSION = YES;
				GCC_WARN_ABOUT_RETURN_TYPE = YES_ERROR;
				GCC_WARN_UNDECLARED_SELECTOR = YES;
				GCC_WARN_UNINITIALIZED_AUTOS = YES_AGGRESSIVE;
				GCC_WARN_UNUSED_FUNCTION = YES;
				GCC_WARN_UNUSED_VARIABLE = YES;
				IPHONEOS_DEPLOYMENT_TARGET = 11.0;
				MTL_ENABLE_DEBUG_INFO = NO;
				SDKROOT = iphoneos;
				SWIFT_OPTIMIZATION_LEVEL = "-Owholemodule";
				VALIDATE_PRODUCT = YES;
			};
			name = Release;
		};
		21A31FD51F74B51000312CA8 /* Debug */ = {
			isa = XCBuildConfiguration;
			buildSettings = {
				ASSETCATALOG_COMPILER_APPICON_NAME = AppIcon;
				CODE_SIGN_STYLE = Automatic;
				DEVELOPMENT_TEAM = 7DBU2X32CP;
				INFOPLIST_FILE = PageTheScroll/Info.plist;
				IPHONEOS_DEPLOYMENT_TARGET = 10.0;
				LD_RUNPATH_SEARCH_PATHS = "$(inherited) @executable_path/Frameworks";
				PRODUCT_BUNDLE_IDENTIFIER = cherrish.PageTheScroll;
				PRODUCT_NAME = "$(TARGET_NAME)";
				SWIFT_VERSION = 4.0;
				TARGETED_DEVICE_FAMILY = "1,2";
			};
			name = Debug;
		};
		21A31FD61F74B51000312CA8 /* Release */ = {
			isa = XCBuildConfiguration;
			buildSettings = {
				ASSETCATALOG_COMPILER_APPICON_NAME = AppIcon;
				CODE_SIGN_STYLE = Automatic;
				DEVELOPMENT_TEAM = 7DBU2X32CP;
				INFOPLIST_FILE = PageTheScroll/Info.plist;
				IPHONEOS_DEPLOYMENT_TARGET = 10.0;
				LD_RUNPATH_SEARCH_PATHS = "$(inherited) @executable_path/Frameworks";
				PRODUCT_BUNDLE_IDENTIFIER = cherrish.PageTheScroll;
				PRODUCT_NAME = "$(TARGET_NAME)";
				SWIFT_VERSION = 4.0;
				TARGETED_DEVICE_FAMILY = "1,2";
			};
			name = Release;
		};
		21A31FD81F74B51000312CA8 /* Debug */ = {
			isa = XCBuildConfiguration;
			buildSettings = {
				ALWAYS_EMBED_SWIFT_STANDARD_LIBRARIES = YES;
				BUNDLE_LOADER = "$(TEST_HOST)";
				CODE_SIGN_STYLE = Automatic;
				INFOPLIST_FILE = PageTheScrollTests/Info.plist;
				LD_RUNPATH_SEARCH_PATHS = "$(inherited) @executable_path/Frameworks @loader_path/Frameworks";
				PRODUCT_BUNDLE_IDENTIFIER = cherrish.PageTheScrollTests;
				PRODUCT_NAME = "$(TARGET_NAME)";
				SWIFT_VERSION = 4.0;
				TARGETED_DEVICE_FAMILY = "1,2";
				TEST_HOST = "$(BUILT_PRODUCTS_DIR)/PageTheScroll.app/PageTheScroll";
			};
			name = Debug;
		};
		21A31FD91F74B51000312CA8 /* Release */ = {
			isa = XCBuildConfiguration;
			buildSettings = {
				ALWAYS_EMBED_SWIFT_STANDARD_LIBRARIES = YES;
				BUNDLE_LOADER = "$(TEST_HOST)";
				CODE_SIGN_STYLE = Automatic;
				INFOPLIST_FILE = PageTheScrollTests/Info.plist;
				LD_RUNPATH_SEARCH_PATHS = "$(inherited) @executable_path/Frameworks @loader_path/Frameworks";
				PRODUCT_BUNDLE_IDENTIFIER = cherrish.PageTheScrollTests;
				PRODUCT_NAME = "$(TARGET_NAME)";
				SWIFT_VERSION = 4.0;
				TARGETED_DEVICE_FAMILY = "1,2";
				TEST_HOST = "$(BUILT_PRODUCTS_DIR)/PageTheScroll.app/PageTheScroll";
			};
			name = Release;
		};
		21A31FDB1F74B51000312CA8 /* Debug */ = {
			isa = XCBuildConfiguration;
			buildSettings = {
				ALWAYS_EMBED_SWIFT_STANDARD_LIBRARIES = YES;
				CODE_SIGN_STYLE = Automatic;
				INFOPLIST_FILE = PageTheScrollUITests/Info.plist;
				LD_RUNPATH_SEARCH_PATHS = "$(inherited) @executable_path/Frameworks @loader_path/Frameworks";
				PRODUCT_BUNDLE_IDENTIFIER = cherrish.PageTheScrollUITests;
				PRODUCT_NAME = "$(TARGET_NAME)";
				SWIFT_VERSION = 4.0;
				TARGETED_DEVICE_FAMILY = "1,2";
				TEST_TARGET_NAME = PageTheScroll;
			};
			name = Debug;
		};
		21A31FDC1F74B51000312CA8 /* Release */ = {
			isa = XCBuildConfiguration;
			buildSettings = {
				ALWAYS_EMBED_SWIFT_STANDARD_LIBRARIES = YES;
				CODE_SIGN_STYLE = Automatic;
				INFOPLIST_FILE = PageTheScrollUITests/Info.plist;
				LD_RUNPATH_SEARCH_PATHS = "$(inherited) @executable_path/Frameworks @loader_path/Frameworks";
				PRODUCT_BUNDLE_IDENTIFIER = cherrish.PageTheScrollUITests;
				PRODUCT_NAME = "$(TARGET_NAME)";
				SWIFT_VERSION = 4.0;
				TARGETED_DEVICE_FAMILY = "1,2";
				TEST_TARGET_NAME = PageTheScroll;
			};
			name = Release;
		};
/* End XCBuildConfiguration section */

/* Begin XCConfigurationList section */
		21A31FA71F74B51000312CA8 /* Build configuration list for PBXProject "PageTheScroll" */ = {
			isa = XCConfigurationList;
			buildConfigurations = (
				21A31FD21F74B51000312CA8 /* Debug */,
				21A31FD31F74B51000312CA8 /* Release */,
			);
			defaultConfigurationIsVisible = 0;
			defaultConfigurationName = Release;
		};
		21A31FD41F74B51000312CA8 /* Build configuration list for PBXNativeTarget "PageTheScroll" */ = {
			isa = XCConfigurationList;
			buildConfigurations = (
				21A31FD51F74B51000312CA8 /* Debug */,
				21A31FD61F74B51000312CA8 /* Release */,
			);
			defaultConfigurationIsVisible = 0;
			defaultConfigurationName = Release;
		};
		21A31FD71F74B51000312CA8 /* Build configuration list for PBXNativeTarget "PageTheScrollTests" */ = {
			isa = XCConfigurationList;
			buildConfigurations = (
				21A31FD81F74B51000312CA8 /* Debug */,
				21A31FD91F74B51000312CA8 /* Release */,
			);
			defaultConfigurationIsVisible = 0;
			defaultConfigurationName = Release;
		};
		21A31FDA1F74B51000312CA8 /* Build configuration list for PBXNativeTarget "PageTheScrollUITests" */ = {
			isa = XCConfigurationList;
			buildConfigurations = (
				21A31FDB1F74B51000312CA8 /* Debug */,
				21A31FDC1F74B51000312CA8 /* Release */,
			);
			defaultConfigurationIsVisible = 0;
			defaultConfigurationName = Release;
		};
/* End XCConfigurationList section */
	};
	rootObject = 21A31FA41F74B51000312CA8 /* Project object */;
}
